
Microsoft Visual Studio Solution File, Format Version 12.00
# Visual Studio Version 16
VisualStudioVersion = 16.0.29424.173
MinimumVisualStudioVersion = 10.0.40219.1
Project("{9A19103F-16F7-4668-BE54-9A1E7A4F7556}") = "MyVet.Common", "MyVet.Common\MyVet.Common.csproj", "{60C8BFA9-50CC-4BBE-9F78-5BBDEC6800BD}"
EndProject
Project("{9A19103F-16F7-4668-BE54-9A1E7A4F7556}") = "MyVet.Web", "MyVet.Web\MyVet.Web.csproj", "{B063B617-D105-45EB-9C07-BA8F40D14568}"
EndProject
Project("{FAE04EC0-301F-11D3-BF4B-00C04F79EFBC}") = "MyVet.Prism", "MyVet.Prism\MyVet.Prism\MyVet.Prism.csproj", "{7EBD8E13-511D-4195-834F-0C60A37CFE48}"
EndProject
Project("{FAE04EC0-301F-11D3-BF4B-00C04F79EFBC}") = "MyVet.Prism.Android", "MyVet.Prism\MyVet.Prism.Android\MyVet.Prism.Android.csproj", "{0D4D1928-4428-4B48-9A39-804A03485799}"
EndProject
Project("{FAE04EC0-301F-11D3-BF4B-00C04F79EFBC}") = "MyVet.Prism.iOS", "MyVet.Prism\MyVet.Prism.iOS\MyVet.Prism.iOS.csproj", "{3FC7B7BF-E85F-452F-848C-47A947D1D343}"
EndProject
Project("{FAE04EC0-301F-11D3-BF4B-00C04F79EFBC}") = "MyVet.Prism.UWP", "MyVet.Prism\MyVet.Prism.UWP\MyVet.Prism.UWP.csproj", "{A35A9FD5-D343-4DD3-A5F6-F43F5B028AC6}"
EndProject
Global
	GlobalSection(SolutionConfigurationPlatforms) = preSolution
		Ad-Hoc|Any CPU = Ad-Hoc|Any CPU
		Ad-Hoc|ARM = Ad-Hoc|ARM
		Ad-Hoc|iPhone = Ad-Hoc|iPhone
		Ad-Hoc|iPhoneSimulator = Ad-Hoc|iPhoneSimulator
		Ad-Hoc|x64 = Ad-Hoc|x64
		Ad-Hoc|x86 = Ad-Hoc|x86
		AppStore|Any CPU = AppStore|Any CPU
		AppStore|ARM = AppStore|ARM
		AppStore|iPhone = AppStore|iPhone
		AppStore|iPhoneSimulator = AppStore|iPhoneSimulator
		AppStore|x64 = AppStore|x64
		AppStore|x86 = AppStore|x86
		Debug|Any CPU = Debug|Any CPU
		Debug|ARM = Debug|ARM
		Debug|iPhone = Debug|iPhone
		Debug|iPhoneSimulator = Debug|iPhoneSimulator
		Debug|x64 = Debug|x64
		Debug|x86 = Debug|x86
		Release|Any CPU = Release|Any CPU
		Release|ARM = Release|ARM
		Release|iPhone = Release|iPhone
		Release|iPhoneSimulator = Release|iPhoneSimulator
		Release|x64 = Release|x64
		Release|x86 = Release|x86
	EndGlobalSection
	GlobalSection(ProjectConfigurationPlatforms) = postSolution
		{60C8BFA9-50CC-4BBE-9F78-5BBDEC6800BD}.Ad-Hoc|Any CPU.ActiveCfg = Release|Any CPU
		{60C8BFA9-50CC-4BBE-9F78-5BBDEC6800BD}.Ad-Hoc|Any CPU.Build.0 = Release|Any CPU
		{60C8BFA9-50CC-4BBE-9F78-5BBDEC6800BD}.Ad-Hoc|ARM.ActiveCfg = Release|Any CPU
		{60C8BFA9-50CC-4BBE-9F78-5BBDEC6800BD}.Ad-Hoc|ARM.Build.0 = Release|Any CPU
		{60C8BFA9-50CC-4BBE-9F78-5BBDEC6800BD}.Ad-Hoc|iPhone.ActiveCfg = Release|Any CPU
		{60C8BFA9-50CC-4BBE-9F78-5BBDEC6800BD}.Ad-Hoc|iPhone.Build.0 = Release|Any CPU
		{60C8BFA9-50CC-4BBE-9F78-5BBDEC6800BD}.Ad-Hoc|iPhoneSimulator.ActiveCfg = Release|Any CPU
		{60C8BFA9-50CC-4BBE-9F78-5BBDEC6800BD}.Ad-Hoc|iPhoneSimulator.Build.0 = Release|Any CPU
		{60C8BFA9-50CC-4BBE-9F78-5BBDEC6800BD}.Ad-Hoc|x64.ActiveCfg = Release|Any CPU
		{60C8BFA9-50CC-4BBE-9F78-5BBDEC6800BD}.Ad-Hoc|x64.Build.0 = Release|Any CPU
		{60C8BFA9-50CC-4BBE-9F78-5BBDEC6800BD}.Ad-Hoc|x86.ActiveCfg = Release|Any CPU
		{60C8BFA9-50CC-4BBE-9F78-5BBDEC6800BD}.Ad-Hoc|x86.Build.0 = Release|Any CPU
		{60C8BFA9-50CC-4BBE-9F78-5BBDEC6800BD}.AppStore|Any CPU.ActiveCfg = Release|Any CPU
		{60C8BFA9-50CC-4BBE-9F78-5BBDEC6800BD}.AppStore|Any CPU.Build.0 = Release|Any CPU
		{60C8BFA9-50CC-4BBE-9F78-5BBDEC6800BD}.AppStore|ARM.ActiveCfg = Release|Any CPU
		{60C8BFA9-50CC-4BBE-9F78-5BBDEC6800BD}.AppStore|ARM.Build.0 = Release|Any CPU
		{60C8BFA9-50CC-4BBE-9F78-5BBDEC6800BD}.AppStore|iPhone.ActiveCfg = Release|Any CPU
		{60C8BFA9-50CC-4BBE-9F78-5BBDEC6800BD}.AppStore|iPhone.Build.0 = Release|Any CPU
		{60C8BFA9-50CC-4BBE-9F78-5BBDEC6800BD}.AppStore|iPhoneSimulator.ActiveCfg = Release|Any CPU
		{60C8BFA9-50CC-4BBE-9F78-5BBDEC6800BD}.AppStore|iPhoneSimulator.Build.0 = Release|Any CPU
		{60C8BFA9-50CC-4BBE-9F78-5BBDEC6800BD}.AppStore|x64.ActiveCfg = Release|Any CPU
		{60C8BFA9-50CC-4BBE-9F78-5BBDEC6800BD}.AppStore|x64.Build.0 = Release|Any CPU
		{60C8BFA9-50CC-4BBE-9F78-5BBDEC6800BD}.AppStore|x86.ActiveCfg = Release|Any CPU
		{60C8BFA9-50CC-4BBE-9F78-5BBDEC6800BD}.AppStore|x86.Build.0 = Release|Any CPU
		{60C8BFA9-50CC-4BBE-9F78-5BBDEC6800BD}.Debug|Any CPU.ActiveCfg = Debug|Any CPU
		{60C8BFA9-50CC-4BBE-9F78-5BBDEC6800BD}.Debug|Any CPU.Build.0 = Debug|Any CPU
		{60C8BFA9-50CC-4BBE-9F78-5BBDEC6800BD}.Debug|ARM.ActiveCfg = Debug|Any CPU
		{60C8BFA9-50CC-4BBE-9F78-5BBDEC6800BD}.Debug|ARM.Build.0 = Debug|Any CPU
		{60C8BFA9-50CC-4BBE-9F78-5BBDEC6800BD}.Debug|iPhone.ActiveCfg = Debug|Any CPU
		{60C8BFA9-50CC-4BBE-9F78-5BBDEC6800BD}.Debug|iPhone.Build.0 = Debug|Any CPU
		{60C8BFA9-50CC-4BBE-9F78-5BBDEC6800BD}.Debug|iPhoneSimulator.ActiveCfg = Debug|Any CPU
		{60C8BFA9-50CC-4BBE-9F78-5BBDEC6800BD}.Debug|iPhoneSimulator.Build.0 = Debug|Any CPU
		{60C8BFA9-50CC-4BBE-9F78-5BBDEC6800BD}.Debug|x64.ActiveCfg = Debug|Any CPU
		{60C8BFA9-50CC-4BBE-9F78-5BBDEC6800BD}.Debug|x64.Build.0 = Debug|Any CPU
		{60C8BFA9-50CC-4BBE-9F78-5BBDEC6800BD}.Debug|x86.ActiveCfg = Debug|Any CPU
		{60C8BFA9-50CC-4BBE-9F78-5BBDEC6800BD}.Debug|x86.Build.0 = Debug|Any CPU
		{60C8BFA9-50CC-4BBE-9F78-5BBDEC6800BD}.Release|Any CPU.ActiveCfg = Release|Any CPU
		{60C8BFA9-50CC-4BBE-9F78-5BBDEC6800BD}.Release|Any CPU.Build.0 = Release|Any CPU
		{60C8BFA9-50CC-4BBE-9F78-5BBDEC6800BD}.Release|ARM.ActiveCfg = Release|Any CPU
		{60C8BFA9-50CC-4BBE-9F78-5BBDEC6800BD}.Release|ARM.Build.0 = Release|Any CPU
		{60C8BFA9-50CC-4BBE-9F78-5BBDEC6800BD}.Release|iPhone.ActiveCfg = Release|Any CPU
		{60C8BFA9-50CC-4BBE-9F78-5BBDEC6800BD}.Release|iPhone.Build.0 = Release|Any CPU
		{60C8BFA9-50CC-4BBE-9F78-5BBDEC6800BD}.Release|iPhoneSimulator.ActiveCfg = Release|Any CPU
		{60C8BFA9-50CC-4BBE-9F78-5BBDEC6800BD}.Release|iPhoneSimulator.Build.0 = Release|Any CPU
		{60C8BFA9-50CC-4BBE-9F78-5BBDEC6800BD}.Release|x64.ActiveCfg = Release|Any CPU
		{60C8BFA9-50CC-4BBE-9F78-5BBDEC6800BD}.Release|x64.Build.0 = Release|Any CPU
		{60C8BFA9-50CC-4BBE-9F78-5BBDEC6800BD}.Release|x86.ActiveCfg = Release|Any CPU
		{60C8BFA9-50CC-4BBE-9F78-5BBDEC6800BD}.Release|x86.Build.0 = Release|Any CPU
		{B063B617-D105-45EB-9C07-BA8F40D14568}.Ad-Hoc|Any CPU.ActiveCfg = Release|Any CPU
		{B063B617-D105-45EB-9C07-BA8F40D14568}.Ad-Hoc|Any CPU.Build.0 = Release|Any CPU
		{B063B617-D105-45EB-9C07-BA8F40D14568}.Ad-Hoc|ARM.ActiveCfg = Release|Any CPU
		{B063B617-D105-45EB-9C07-BA8F40D14568}.Ad-Hoc|ARM.Build.0 = Release|Any CPU
		{B063B617-D105-45EB-9C07-BA8F40D14568}.Ad-Hoc|iPhone.ActiveCfg = Release|Any CPU
		{B063B617-D105-45EB-9C07-BA8F40D14568}.Ad-Hoc|iPhone.Build.0 = Release|Any CPU
		{B063B617-D105-45EB-9C07-BA8F40D14568}.Ad-Hoc|iPhoneSimulator.ActiveCfg = Release|Any CPU
		{B063B617-D105-45EB-9C07-BA8F40D14568}.Ad-Hoc|iPhoneSimulator.Build.0 = Release|Any CPU
		{B063B617-D105-45EB-9C07-BA8F40D14568}.Ad-Hoc|x64.ActiveCfg = Release|Any CPU
		{B063B617-D105-45EB-9C07-BA8F40D14568}.Ad-Hoc|x64.Build.0 = Release|Any CPU
		{B063B617-D105-45EB-9C07-BA8F40D14568}.Ad-Hoc|x86.ActiveCfg = Release|Any CPU
		{B063B617-D105-45EB-9C07-BA8F40D14568}.Ad-Hoc|x86.Build.0 = Release|Any CPU
		{B063B617-D105-45EB-9C07-BA8F40D14568}.AppStore|Any CPU.ActiveCfg = Release|Any CPU
		{B063B617-D105-45EB-9C07-BA8F40D14568}.AppStore|Any CPU.Build.0 = Release|Any CPU
		{B063B617-D105-45EB-9C07-BA8F40D14568}.AppStore|ARM.ActiveCfg = Release|Any CPU
		{B063B617-D105-45EB-9C07-BA8F40D14568}.AppStore|ARM.Build.0 = Release|Any CPU
		{B063B617-D105-45EB-9C07-BA8F40D14568}.AppStore|iPhone.ActiveCfg = Release|Any CPU
		{B063B617-D105-45EB-9C07-BA8F40D14568}.AppStore|iPhone.Build.0 = Release|Any CPU
		{B063B617-D105-45EB-9C07-BA8F40D14568}.AppStore|iPhoneSimulator.ActiveCfg = Release|Any CPU
		{B063B617-D105-45EB-9C07-BA8F40D14568}.AppStore|iPhoneSimulator.Build.0 = Release|Any CPU
		{B063B617-D105-45EB-9C07-BA8F40D14568}.AppStore|x64.ActiveCfg = Release|Any CPU
		{B063B617-D105-45EB-9C07-BA8F40D14568}.AppStore|x64.Build.0 = Release|Any CPU
		{B063B617-D105-45EB-9C07-BA8F40D14568}.AppStore|x86.ActiveCfg = Release|Any CPU
		{B063B617-D105-45EB-9C07-BA8F40D14568}.AppStore|x86.Build.0 = Release|Any CPU
		{B063B617-D105-45EB-9C07-BA8F40D14568}.Debug|Any CPU.ActiveCfg = Debug|Any CPU
		{B063B617-D105-45EB-9C07-BA8F40D14568}.Debug|Any CPU.Build.0 = Debug|Any CPU
		{B063B617-D105-45EB-9C07-BA8F40D14568}.Debug|ARM.ActiveCfg = Debug|Any CPU
		{B063B617-D105-45EB-9C07-BA8F40D14568}.Debug|ARM.Build.0 = Debug|Any CPU
		{B063B617-D105-45EB-9C07-BA8F40D14568}.Debug|iPhone.ActiveCfg = Debug|Any CPU
		{B063B617-D105-45EB-9C07-BA8F40D14568}.Debug|iPhone.Build.0 = Debug|Any CPU
		{B063B617-D105-45EB-9C07-BA8F40D14568}.Debug|iPhoneSimulator.ActiveCfg = Debug|Any CPU
		{B063B617-D105-45EB-9C07-BA8F40D14568}.Debug|iPhoneSimulator.Build.0 = Debug|Any CPU
		{B063B617-D105-45EB-9C07-BA8F40D14568}.Debug|x64.ActiveCfg = Debug|Any CPU
		{B063B617-D105-45EB-9C07-BA8F40D14568}.Debug|x64.Build.0 = Debug|Any CPU
		{B063B617-D105-45EB-9C07-BA8F40D14568}.Debug|x86.ActiveCfg = Debug|Any CPU
		{B063B617-D105-45EB-9C07-BA8F40D14568}.Debug|x86.Build.0 = Debug|Any CPU
		{B063B617-D105-45EB-9C07-BA8F40D14568}.Release|Any CPU.ActiveCfg = Release|Any CPU
		{B063B617-D105-45EB-9C07-BA8F40D14568}.Release|Any CPU.Build.0 = Release|Any CPU
		{B063B617-D105-45EB-9C07-BA8F40D14568}.Release|ARM.ActiveCfg = Release|Any CPU
		{B063B617-D105-45EB-9C07-BA8F40D14568}.Release|ARM.Build.0 = Release|Any CPU
		{B063B617-D105-45EB-9C07-BA8F40D14568}.Release|iPhone.ActiveCfg = Release|Any CPU
		{B063B617-D105-45EB-9C07-BA8F40D14568}.Release|iPhone.Build.0 = Release|Any CPU
		{B063B617-D105-45EB-9C07-BA8F40D14568}.Release|iPhoneSimulator.ActiveCfg = Release|Any CPU
		{B063B617-D105-45EB-9C07-BA8F40D14568}.Release|iPhoneSimulator.Build.0 = Release|Any CPU
		{B063B617-D105-45EB-9C07-BA8F40D14568}.Release|x64.ActiveCfg = Release|Any CPU
		{B063B617-D105-45EB-9C07-BA8F40D14568}.Release|x64.Build.0 = Release|Any CPU
		{B063B617-D105-45EB-9C07-BA8F40D14568}.Release|x86.ActiveCfg = Release|Any CPU
		{B063B617-D105-45EB-9C07-BA8F40D14568}.Release|x86.Build.0 = Release|Any CPU
		{7EBD8E13-511D-4195-834F-0C60A37CFE48}.Ad-Hoc|Any CPU.ActiveCfg = Debug|Any CPU
		{7EBD8E13-511D-4195-834F-0C60A37CFE48}.Ad-Hoc|Any CPU.Build.0 = Debug|Any CPU
		{7EBD8E13-511D-4195-834F-0C60A37CFE48}.Ad-Hoc|ARM.ActiveCfg = Debug|Any CPU
		{7EBD8E13-511D-4195-834F-0C60A37CFE48}.Ad-Hoc|ARM.Build.0 = Debug|Any CPU
		{7EBD8E13-511D-4195-834F-0C60A37CFE48}.Ad-Hoc|iPhone.ActiveCfg = Debug|Any CPU
		{7EBD8E13-511D-4195-834F-0C60A37CFE48}.Ad-Hoc|iPhone.Build.0 = Debug|Any CPU
		{7EBD8E13-511D-4195-834F-0C60A37CFE48}.Ad-Hoc|iPhoneSimulator.ActiveCfg = Debug|Any CPU
		{7EBD8E13-511D-4195-834F-0C60A37CFE48}.Ad-Hoc|iPhoneSimulator.Build.0 = Debug|Any CPU
		{7EBD8E13-511D-4195-834F-0C60A37CFE48}.Ad-Hoc|x64.ActiveCfg = Debug|Any CPU
		{7EBD8E13-511D-4195-834F-0C60A37CFE48}.Ad-Hoc|x64.Build.0 = Debug|Any CPU
		{7EBD8E13-511D-4195-834F-0C60A37CFE48}.Ad-Hoc|x86.ActiveCfg = Debug|Any CPU
		{7EBD8E13-511D-4195-834F-0C60A37CFE48}.Ad-Hoc|x86.Build.0 = Debug|Any CPU
		{7EBD8E13-511D-4195-834F-0C60A37CFE48}.AppStore|Any CPU.ActiveCfg = Debug|Any CPU
		{7EBD8E13-511D-4195-834F-0C60A37CFE48}.AppStore|Any CPU.Build.0 = Debug|Any CPU
		{7EBD8E13-511D-4195-834F-0C60A37CFE48}.AppStore|ARM.ActiveCfg = Debug|Any CPU
		{7EBD8E13-511D-4195-834F-0C60A37CFE48}.AppStore|ARM.Build.0 = Debug|Any CPU
		{7EBD8E13-511D-4195-834F-0C60A37CFE48}.AppStore|iPhone.ActiveCfg = Debug|Any CPU
		{7EBD8E13-511D-4195-834F-0C60A37CFE48}.AppStore|iPhone.Build.0 = Debug|Any CPU
		{7EBD8E13-511D-4195-834F-0C60A37CFE48}.AppStore|iPhoneSimulator.ActiveCfg = Debug|Any CPU
		{7EBD8E13-511D-4195-834F-0C60A37CFE48}.AppStore|iPhoneSimulator.Build.0 = Debug|Any CPU
		{7EBD8E13-511D-4195-834F-0C60A37CFE48}.AppStore|x64.ActiveCfg = Debug|Any CPU
		{7EBD8E13-511D-4195-834F-0C60A37CFE48}.AppStore|x64.Build.0 = Debug|Any CPU
		{7EBD8E13-511D-4195-834F-0C60A37CFE48}.AppStore|x86.ActiveCfg = Debug|Any CPU
		{7EBD8E13-511D-4195-834F-0C60A37CFE48}.AppStore|x86.Build.0 = Debug|Any CPU
		{7EBD8E13-511D-4195-834F-0C60A37CFE48}.Debug|Any CPU.ActiveCfg = Debug|Any CPU
		{7EBD8E13-511D-4195-834F-0C60A37CFE48}.Debug|Any CPU.Build.0 = Debug|Any CPU
		{7EBD8E13-511D-4195-834F-0C60A37CFE48}.Debug|ARM.ActiveCfg = Debug|Any CPU
		{7EBD8E13-511D-4195-834F-0C60A37CFE48}.Debug|ARM.Build.0 = Debug|Any CPU
		{7EBD8E13-511D-4195-834F-0C60A37CFE48}.Debug|iPhone.ActiveCfg = Debug|Any CPU
		{7EBD8E13-511D-4195-834F-0C60A37CFE48}.Debug|iPhone.Build.0 = Debug|Any CPU
		{7EBD8E13-511D-4195-834F-0C60A37CFE48}.Debug|iPhoneSimulator.ActiveCfg = Debug|Any CPU
		{7EBD8E13-511D-4195-834F-0C60A37CFE48}.Debug|iPhoneSimulator.Build.0 = Debug|Any CPU
		{7EBD8E13-511D-4195-834F-0C60A37CFE48}.Debug|x64.ActiveCfg = Debug|Any CPU
		{7EBD8E13-511D-4195-834F-0C60A37CFE48}.Debug|x64.Build.0 = Debug|Any CPU
		{7EBD8E13-511D-4195-834F-0C60A37CFE48}.Debug|x86.ActiveCfg = Debug|Any CPU
		{7EBD8E13-511D-4195-834F-0C60A37CFE48}.Debug|x86.Build.0 = Debug|Any CPU
		{7EBD8E13-511D-4195-834F-0C60A37CFE48}.Release|Any CPU.ActiveCfg = Release|Any CPU
		{7EBD8E13-511D-4195-834F-0C60A37CFE48}.Release|Any CPU.Build.0 = Release|Any CPU
		{7EBD8E13-511D-4195-834F-0C60A37CFE48}.Release|ARM.ActiveCfg = Release|Any CPU
		{7EBD8E13-511D-4195-834F-0C60A37CFE48}.Release|ARM.Build.0 = Release|Any CPU
		{7EBD8E13-511D-4195-834F-0C60A37CFE48}.Release|iPhone.ActiveCfg = Release|Any CPU
		{7EBD8E13-511D-4195-834F-0C60A37CFE48}.Release|iPhone.Build.0 = Release|Any CPU
		{7EBD8E13-511D-4195-834F-0C60A37CFE48}.Release|iPhoneSimulator.ActiveCfg = Release|Any CPU
		{7EBD8E13-511D-4195-834F-0C60A37CFE48}.Release|iPhoneSimulator.Build.0 = Release|Any CPU
		{7EBD8E13-511D-4195-834F-0C60A37CFE48}.Release|x64.ActiveCfg = Release|Any CPU
		{7EBD8E13-511D-4195-834F-0C60A37CFE48}.Release|x64.Build.0 = Release|Any CPU
		{7EBD8E13-511D-4195-834F-0C60A37CFE48}.Release|x86.ActiveCfg = Release|Any CPU
		{7EBD8E13-511D-4195-834F-0C60A37CFE48}.Release|x86.Build.0 = Release|Any CPU
		{0D4D1928-4428-4B48-9A39-804A03485799}.Ad-Hoc|Any CPU.ActiveCfg = Release|Any CPU
		{0D4D1928-4428-4B48-9A39-804A03485799}.Ad-Hoc|Any CPU.Build.0 = Release|Any CPU
		{0D4D1928-4428-4B48-9A39-804A03485799}.Ad-Hoc|Any CPU.Deploy.0 = Release|Any CPU
		{0D4D1928-4428-4B48-9A39-804A03485799}.Ad-Hoc|ARM.ActiveCfg = Release|Any CPU
		{0D4D1928-4428-4B48-9A39-804A03485799}.Ad-Hoc|ARM.Build.0 = Release|Any CPU
		{0D4D1928-4428-4B48-9A39-804A03485799}.Ad-Hoc|ARM.Deploy.0 = Release|Any CPU
		{0D4D1928-4428-4B48-9A39-804A03485799}.Ad-Hoc|iPhone.ActiveCfg = Release|Any CPU
		{0D4D1928-4428-4B48-9A39-804A03485799}.Ad-Hoc|iPhone.Build.0 = Release|Any CPU
		{0D4D1928-4428-4B48-9A39-804A03485799}.Ad-Hoc|iPhone.Deploy.0 = Release|Any CPU
		{0D4D1928-4428-4B48-9A39-804A03485799}.Ad-Hoc|iPhoneSimulator.ActiveCfg = Release|Any CPU
		{0D4D1928-4428-4B48-9A39-804A03485799}.Ad-Hoc|iPhoneSimulator.Build.0 = Release|Any CPU
		{0D4D1928-4428-4B48-9A39-804A03485799}.Ad-Hoc|iPhoneSimulator.Deploy.0 = Release|Any CPU
		{0D4D1928-4428-4B48-9A39-804A03485799}.Ad-Hoc|x64.ActiveCfg = Release|Any CPU
		{0D4D1928-4428-4B48-9A39-804A03485799}.Ad-Hoc|x64.Build.0 = Release|Any CPU
		{0D4D1928-4428-4B48-9A39-804A03485799}.Ad-Hoc|x64.Deploy.0 = Release|Any CPU
		{0D4D1928-4428-4B48-9A39-804A03485799}.Ad-Hoc|x86.ActiveCfg = Release|Any CPU
		{0D4D1928-4428-4B48-9A39-804A03485799}.Ad-Hoc|x86.Build.0 = Release|Any CPU
		{0D4D1928-4428-4B48-9A39-804A03485799}.Ad-Hoc|x86.Deploy.0 = Release|Any CPU
		{0D4D1928-4428-4B48-9A39-804A03485799}.AppStore|Any CPU.ActiveCfg = Release|Any CPU
		{0D4D1928-4428-4B48-9A39-804A03485799}.AppStore|Any CPU.Build.0 = Release|Any CPU
		{0D4D1928-4428-4B48-9A39-804A03485799}.AppStore|Any CPU.Deploy.0 = Release|Any CPU
		{0D4D1928-4428-4B48-9A39-804A03485799}.AppStore|ARM.ActiveCfg = Release|Any CPU
		{0D4D1928-4428-4B48-9A39-804A03485799}.AppStore|ARM.Build.0 = Release|Any CPU
		{0D4D1928-4428-4B48-9A39-804A03485799}.AppStore|ARM.Deploy.0 = Release|Any CPU
		{0D4D1928-4428-4B48-9A39-804A03485799}.AppStore|iPhone.ActiveCfg = Release|Any CPU
		{0D4D1928-4428-4B48-9A39-804A03485799}.AppStore|iPhone.Build.0 = Release|Any CPU
		{0D4D1928-4428-4B48-9A39-804A03485799}.AppStore|iPhone.Deploy.0 = Release|Any CPU
		{0D4D1928-4428-4B48-9A39-804A03485799}.AppStore|iPhoneSimulator.ActiveCfg = Release|Any CPU
		{0D4D1928-4428-4B48-9A39-804A03485799}.AppStore|iPhoneSimulator.Build.0 = Release|Any CPU
		{0D4D1928-4428-4B48-9A39-804A03485799}.AppStore|iPhoneSimulator.Deploy.0 = Release|Any CPU
		{0D4D1928-4428-4B48-9A39-804A03485799}.AppStore|x64.ActiveCfg = Release|Any CPU
		{0D4D1928-4428-4B48-9A39-804A03485799}.AppStore|x64.Build.0 = Release|Any CPU
		{0D4D1928-4428-4B48-9A39-804A03485799}.AppStore|x64.Deploy.0 = Release|Any CPU
		{0D4D1928-4428-4B48-9A39-804A03485799}.AppStore|x86.ActiveCfg = Release|Any CPU
		{0D4D1928-4428-4B48-9A39-804A03485799}.AppStore|x86.Build.0 = Release|Any CPU
		{0D4D1928-4428-4B48-9A39-804A03485799}.AppStore|x86.Deploy.0 = Release|Any CPU
		{0D4D1928-4428-4B48-9A39-804A03485799}.Debug|Any CPU.ActiveCfg = Debug|Any CPU
		{0D4D1928-4428-4B48-9A39-804A03485799}.Debug|Any CPU.Build.0 = Debug|Any CPU
		{0D4D1928-4428-4B48-9A39-804A03485799}.Debug|Any CPU.Deploy.0 = Debug|Any CPU
		{0D4D1928-4428-4B48-9A39-804A03485799}.Debug|ARM.ActiveCfg = Debug|Any CPU
		{0D4D1928-4428-4B48-9A39-804A03485799}.Debug|ARM.Build.0 = Debug|Any CPU
		{0D4D1928-4428-4B48-9A39-804A03485799}.Debug|ARM.Deploy.0 = Debug|Any CPU
		{0D4D1928-4428-4B48-9A39-804A03485799}.Debug|iPhone.ActiveCfg = Debug|Any CPU
		{0D4D1928-4428-4B48-9A39-804A03485799}.Debug|iPhone.Build.0 = Debug|Any CPU
		{0D4D1928-4428-4B48-9A39-804A03485799}.Debug|iPhone.Deploy.0 = Debug|Any CPU
		{0D4D1928-4428-4B48-9A39-804A03485799}.Debug|iPhoneSimulator.ActiveCfg = Debug|Any CPU
		{0D4D1928-4428-4B48-9A39-804A03485799}.Debug|iPhoneSimulator.Build.0 = Debug|Any CPU
		{0D4D1928-4428-4B48-9A39-804A03485799}.Debug|iPhoneSimulator.Deploy.0 = Debug|Any CPU
		{0D4D1928-4428-4B48-9A39-804A03485799}.Debug|x64.ActiveCfg = Debug|Any CPU
		{0D4D1928-4428-4B48-9A39-804A03485799}.Debug|x64.Build.0 = Debug|Any CPU
		{0D4D1928-4428-4B48-9A39-804A03485799}.Debug|x64.Deploy.0 = Debug|Any CPU
		{0D4D1928-4428-4B48-9A39-804A03485799}.Debug|x86.ActiveCfg = Debug|Any CPU
		{0D4D1928-4428-4B48-9A39-804A03485799}.Debug|x86.Build.0 = Debug|Any CPU
		{0D4D1928-4428-4B48-9A39-804A03485799}.Debug|x86.Deploy.0 = Debug|Any CPU
		{0D4D1928-4428-4B48-9A39-804A03485799}.Release|Any CPU.ActiveCfg = Release|Any CPU
		{0D4D1928-4428-4B48-9A39-804A03485799}.Release|Any CPU.Build.0 = Release|Any CPU
		{0D4D1928-4428-4B48-9A39-804A03485799}.Release|Any CPU.Deploy.0 = Release|Any CPU
		{0D4D1928-4428-4B48-9A39-804A03485799}.Release|ARM.ActiveCfg = Release|Any CPU
		{0D4D1928-4428-4B48-9A39-804A03485799}.Release|ARM.Build.0 = Release|Any CPU
		{0D4D1928-4428-4B48-9A39-804A03485799}.Release|ARM.Deploy.0 = Release|Any CPU
		{0D4D1928-4428-4B48-9A39-804A03485799}.Release|iPhone.ActiveCfg = Release|Any CPU
		{0D4D1928-4428-4B48-9A39-804A03485799}.Release|iPhone.Build.0 = Release|Any CPU
		{0D4D1928-4428-4B48-9A39-804A03485799}.Release|iPhone.Deploy.0 = Release|Any CPU
		{0D4D1928-4428-4B48-9A39-804A03485799}.Release|iPhoneSimulator.ActiveCfg = Release|Any CPU
		{0D4D1928-4428-4B48-9A39-804A03485799}.Release|iPhoneSimulator.Build.0 = Release|Any CPU
		{0D4D1928-4428-4B48-9A39-804A03485799}.Release|iPhoneSimulator.Deploy.0 = Release|Any CPU
		{0D4D1928-4428-4B48-9A39-804A03485799}.Release|x64.ActiveCfg = Release|Any CPU
		{0D4D1928-4428-4B48-9A39-804A03485799}.Release|x64.Build.0 = Release|Any CPU
		{0D4D1928-4428-4B48-9A39-804A03485799}.Release|x64.Deploy.0 = Release|Any CPU
		{0D4D1928-4428-4B48-9A39-804A03485799}.Release|x86.ActiveCfg = Release|Any CPU
		{0D4D1928-4428-4B48-9A39-804A03485799}.Release|x86.Build.0 = Release|Any CPU
		{0D4D1928-4428-4B48-9A39-804A03485799}.Release|x86.Deploy.0 = Release|Any CPU
		{3FC7B7BF-E85F-452F-848C-47A947D1D343}.Ad-Hoc|Any CPU.ActiveCfg = Ad-Hoc|iPhone
		{3FC7B7BF-E85F-452F-848C-47A947D1D343}.Ad-Hoc|ARM.ActiveCfg = Ad-Hoc|iPhone
		{3FC7B7BF-E85F-452F-848C-47A947D1D343}.Ad-Hoc|iPhone.ActiveCfg = Ad-Hoc|iPhone
		{3FC7B7BF-E85F-452F-848C-47A947D1D343}.Ad-Hoc|iPhone.Build.0 = Ad-Hoc|iPhone
		{3FC7B7BF-E85F-452F-848C-47A947D1D343}.Ad-Hoc|iPhoneSimulator.ActiveCfg = Ad-Hoc|iPhoneSimulator
		{3FC7B7BF-E85F-452F-848C-47A947D1D343}.Ad-Hoc|iPhoneSimulator.Build.0 = Ad-Hoc|iPhoneSimulator
		{3FC7B7BF-E85F-452F-848C-47A947D1D343}.Ad-Hoc|x64.ActiveCfg = Ad-Hoc|iPhone
		{3FC7B7BF-E85F-452F-848C-47A947D1D343}.Ad-Hoc|x86.ActiveCfg = Ad-Hoc|iPhone
		{3FC7B7BF-E85F-452F-848C-47A947D1D343}.AppStore|Any CPU.ActiveCfg = AppStore|iPhone
		{3FC7B7BF-E85F-452F-848C-47A947D1D343}.AppStore|ARM.ActiveCfg = AppStore|iPhone
		{3FC7B7BF-E85F-452F-848C-47A947D1D343}.AppStore|iPhone.ActiveCfg = AppStore|iPhone
		{3FC7B7BF-E85F-452F-848C-47A947D1D343}.AppStore|iPhone.Build.0 = AppStore|iPhone
		{3FC7B7BF-E85F-452F-848C-47A947D1D343}.AppStore|iPhoneSimulator.ActiveCfg = AppStore|iPhoneSimulator
		{3FC7B7BF-E85F-452F-848C-47A947D1D343}.AppStore|iPhoneSimulator.Build.0 = AppStore|iPhoneSimulator
		{3FC7B7BF-E85F-452F-848C-47A947D1D343}.AppStore|x64.ActiveCfg = AppStore|iPhone
		{3FC7B7BF-E85F-452F-848C-47A947D1D343}.AppStore|x86.ActiveCfg = AppStore|iPhone
		{3FC7B7BF-E85F-452F-848C-47A947D1D343}.Debug|Any CPU.ActiveCfg = Debug|iPhone
		{3FC7B7BF-E85F-452F-848C-47A947D1D343}.Debug|ARM.ActiveCfg = Debug|iPhone
		{3FC7B7BF-E85F-452F-848C-47A947D1D343}.Debug|iPhone.ActiveCfg = Debug|iPhone
		{3FC7B7BF-E85F-452F-848C-47A947D1D343}.Debug|iPhone.Build.0 = Debug|iPhone
		{3FC7B7BF-E85F-452F-848C-47A947D1D343}.Debug|iPhoneSimulator.ActiveCfg = Debug|iPhoneSimulator
		{3FC7B7BF-E85F-452F-848C-47A947D1D343}.Debug|iPhoneSimulator.Build.0 = Debug|iPhoneSimulator
		{3FC7B7BF-E85F-452F-848C-47A947D1D343}.Debug|x64.ActiveCfg = Debug|iPhone
		{3FC7B7BF-E85F-452F-848C-47A947D1D343}.Debug|x86.ActiveCfg = Debug|iPhone
		{3FC7B7BF-E85F-452F-848C-47A947D1D343}.Release|Any CPU.ActiveCfg = Release|iPhone
		{3FC7B7BF-E85F-452F-848C-47A947D1D343}.Release|ARM.ActiveCfg = Release|iPhone
		{3FC7B7BF-E85F-452F-848C-47A947D1D343}.Release|iPhone.ActiveCfg = Release|iPhone
		{3FC7B7BF-E85F-452F-848C-47A947D1D343}.Release|iPhone.Build.0 = Release|iPhone
		{3FC7B7BF-E85F-452F-848C-47A947D1D343}.Release|iPhoneSimulator.ActiveCfg = Release|iPhoneSimulator
		{3FC7B7BF-E85F-452F-848C-47A947D1D343}.Release|iPhoneSimulator.Build.0 = Release|iPhoneSimulator
		{3FC7B7BF-E85F-452F-848C-47A947D1D343}.Release|x64.ActiveCfg = Release|iPhone
		{3FC7B7BF-E85F-452F-848C-47A947D1D343}.Release|x86.ActiveCfg = Release|iPhone
		{A35A9FD5-D343-4DD3-A5F6-F43F5B028AC6}.Ad-Hoc|Any CPU.ActiveCfg = Release|x86
		{A35A9FD5-D343-4DD3-A5F6-F43F5B028AC6}.Ad-Hoc|Any CPU.Build.0 = Release|x86
		{A35A9FD5-D343-4DD3-A5F6-F43F5B028AC6}.Ad-Hoc|Any CPU.Deploy.0 = Release|x86
		{A35A9FD5-D343-4DD3-A5F6-F43F5B028AC6}.Ad-Hoc|ARM.ActiveCfg = Release|ARM
		{A35A9FD5-D343-4DD3-A5F6-F43F5B028AC6}.Ad-Hoc|ARM.Build.0 = Release|ARM
		{A35A9FD5-D343-4DD3-A5F6-F43F5B028AC6}.Ad-Hoc|ARM.Deploy.0 = Release|ARM
		{A35A9FD5-D343-4DD3-A5F6-F43F5B028AC6}.Ad-Hoc|iPhone.ActiveCfg = Release|x86
		{A35A9FD5-D343-4DD3-A5F6-F43F5B028AC6}.Ad-Hoc|iPhone.Build.0 = Release|x86
		{A35A9FD5-D343-4DD3-A5F6-F43F5B028AC6}.Ad-Hoc|iPhone.Deploy.0 = Release|x86
		{A35A9FD5-D343-4DD3-A5F6-F43F5B028AC6}.Ad-Hoc|iPhoneSimulator.ActiveCfg = Release|x86
		{A35A9FD5-D343-4DD3-A5F6-F43F5B028AC6}.Ad-Hoc|iPhoneSimulator.Build.0 = Release|x86
		{A35A9FD5-D343-4DD3-A5F6-F43F5B028AC6}.Ad-Hoc|iPhoneSimulator.Deploy.0 = Release|x86
		{A35A9FD5-D343-4DD3-A5F6-F43F5B028AC6}.Ad-Hoc|x64.ActiveCfg = Release|x64
		{A35A9FD5-D343-4DD3-A5F6-F43F5B028AC6}.Ad-Hoc|x64.Build.0 = Release|x64
		{A35A9FD5-D343-4DD3-A5F6-F43F5B028AC6}.Ad-Hoc|x64.Deploy.0 = Release|x64
		{A35A9FD5-D343-4DD3-A5F6-F43F5B028AC6}.Ad-Hoc|x86.ActiveCfg = Release|x86
		{A35A9FD5-D343-4DD3-A5F6-F43F5B028AC6}.Ad-Hoc|x86.Build.0 = Release|x86
		{A35A9FD5-D343-4DD3-A5F6-F43F5B028AC6}.Ad-Hoc|x86.Deploy.0 = Release|x86
		{A35A9FD5-D343-4DD3-A5F6-F43F5B028AC6}.AppStore|Any CPU.ActiveCfg = Release|x86
		{A35A9FD5-D343-4DD3-A5F6-F43F5B028AC6}.AppStore|Any CPU.Build.0 = Release|x86
		{A35A9FD5-D343-4DD3-A5F6-F43F5B028AC6}.AppStore|Any CPU.Deploy.0 = Release|x86
		{A35A9FD5-D343-4DD3-A5F6-F43F5B028AC6}.AppStore|ARM.ActiveCfg = Release|ARM
		{A35A9FD5-D343-4DD3-A5F6-F43F5B028AC6}.AppStore|ARM.Build.0 = Release|ARM
		{A35A9FD5-D343-4DD3-A5F6-F43F5B028AC6}.AppStore|ARM.Deploy.0 = Release|ARM
		{A35A9FD5-D343-4DD3-A5F6-F43F5B028AC6}.AppStore|iPhone.ActiveCfg = Release|x86
		{A35A9FD5-D343-4DD3-A5F6-F43F5B028AC6}.AppStore|iPhone.Build.0 = Release|x86
		{A35A9FD5-D343-4DD3-A5F6-F43F5B028AC6}.AppStore|iPhone.Deploy.0 = Release|x86
		{A35A9FD5-D343-4DD3-A5F6-F43F5B028AC6}.AppStore|iPhoneSimulator.ActiveCfg = Release|x86
		{A35A9FD5-D343-4DD3-A5F6-F43F5B028AC6}.AppStore|iPhoneSimulator.Build.0 = Release|x86
		{A35A9FD5-D343-4DD3-A5F6-F43F5B028AC6}.AppStore|iPhoneSimulator.Deploy.0 = Release|x86
		{A35A9FD5-D343-4DD3-A5F6-F43F5B028AC6}.AppStore|x64.ActiveCfg = Release|x64
		{A35A9FD5-D343-4DD3-A5F6-F43F5B028AC6}.AppStore|x64.Build.0 = Release|x64
		{A35A9FD5-D343-4DD3-A5F6-F43F5B028AC6}.AppStore|x64.Deploy.0 = Release|x64
		{A35A9FD5-D343-4DD3-A5F6-F43F5B028AC6}.AppStore|x86.ActiveCfg = Release|x86
		{A35A9FD5-D343-4DD3-A5F6-F43F5B028AC6}.AppStore|x86.Build.0 = Release|x86
		{A35A9FD5-D343-4DD3-A5F6-F43F5B028AC6}.AppStore|x86.Deploy.0 = Release|x86
		{A35A9FD5-D343-4DD3-A5F6-F43F5B028AC6}.Debug|Any CPU.ActiveCfg = Debug|x86
		{A35A9FD5-D343-4DD3-A5F6-F43F5B028AC6}.Debug|ARM.ActiveCfg = Debug|ARM
		{A35A9FD5-D343-4DD3-A5F6-F43F5B028AC6}.Debug|ARM.Build.0 = Debug|ARM
		{A35A9FD5-D343-4DD3-A5F6-F43F5B028AC6}.Debug|ARM.Deploy.0 = Debug|ARM
		{A35A9FD5-D343-4DD3-A5F6-F43F5B028AC6}.Debug|iPhone.ActiveCfg = Debug|x86
		{A35A9FD5-D343-4DD3-A5F6-F43F5B028AC6}.Debug|iPhoneSimulator.ActiveCfg = Debug|x86
		{A35A9FD5-D343-4DD3-A5F6-F43F5B028AC6}.Debug|x64.ActiveCfg = Debug|x64
		{A35A9FD5-D343-4DD3-A5F6-F43F5B028AC6}.Debug|x64.Build.0 = Debug|x64
		{A35A9FD5-D343-4DD3-A5F6-F43F5B028AC6}.Debug|x64.Deploy.0 = Debug|x64
		{A35A9FD5-D343-4DD3-A5F6-F43F5B028AC6}.Debug|x86.ActiveCfg = Debug|x86
		{A35A9FD5-D343-4DD3-A5F6-F43F5B028AC6}.Debug|x86.Build.0 = Debug|x86
		{A35A9FD5-D343-4DD3-A5F6-F43F5B028AC6}.Debug|x86.Deploy.0 = Debug|x86
		{A35A9FD5-D343-4DD3-A5F6-F43F5B028AC6}.Release|Any CPU.ActiveCfg = Release|x86
		{A35A9FD5-D343-4DD3-A5F6-F43F5B028AC6}.Release|ARM.ActiveCfg = Release|ARM
		{A35A9FD5-D343-4DD3-A5F6-F43F5B028AC6}.Release|ARM.Build.0 = Release|ARM
		{A35A9FD5-D343-4DD3-A5F6-F43F5B028AC6}.Release|ARM.Deploy.0 = Release|ARM
		{A35A9FD5-D343-4DD3-A5F6-F43F5B028AC6}.Release|iPhone.ActiveCfg = Release|x86
		{A35A9FD5-D343-4DD3-A5F6-F43F5B028AC6}.Release|iPhoneSimulator.ActiveCfg = Release|x86
		{A35A9FD5-D343-4DD3-A5F6-F43F5B028AC6}.Release|x64.ActiveCfg = Release|x64
		{A35A9FD5-D343-4DD3-A5F6-F43F5B028AC6}.Release|x64.Build.0 = Release|x64
		{A35A9FD5-D343-4DD3-A5F6-F43F5B028AC6}.Release|x64.Deploy.0 = Release|x64
		{A35A9FD5-D343-4DD3-A5F6-F43F5B028AC6}.Release|x86.ActiveCfg = Release|x86
		{A35A9FD5-D343-4DD3-A5F6-F43F5B028AC6}.Release|x86.Build.0 = Release|x86
		{A35A9FD5-D343-4DD3-A5F6-F43F5B028AC6}.Release|x86.Deploy.0 = Release|x86
	EndGlobalSection
	GlobalSection(SolutionProperties) = preSolution
		HideSolutionNode = FALSE
	EndGlobalSection
	GlobalSection(ExtensibilityGlobals) = postSolution
		SolutionGuid = {87628EB6-277E-4489-8996-EF1274177233}
	EndGlobalSection
EndGlobal
